
Microsoft Visual Studio Solution File, Format Version 12.00
# Visual Studio Version 17
VisualStudioVersion = 17.6.33723.286
MinimumVisualStudioVersion = 10.0.40219.1
Project("{00D1A9C2-B5F0-4AF3-8072-F6C62B433612}") = "VisualStudioDatabaseProject", "VisualStudioDatabaseProject.sqlproj", "{858C8F27-EDF3-4921-958F-DCA08775A3BB}"
EndProject
Global
	GlobalSection(SolutionConfigurationPlatforms) = preSolution
		Debug|Any CPU = Debug|Any CPU
		Release|Any CPU = Release|Any CPU
	EndGlobalSection
	GlobalSection(ProjectConfigurationPlatforms) = postSolution
		{858C8F27-EDF3-4921-958F-DCA08775A3BB}.Debug|Any CPU.ActiveCfg = Debug|Any CPU
		{858C8F27-EDF3-4921-958F-DCA08775A3BB}.Debug|Any CPU.Build.0 = Debug|Any CPU
		{858C8F27-EDF3-4921-958F-DCA08775A3BB}.Debug|Any CPU.Deploy.0 = Debug|Any CPU
		{858C8F27-EDF3-4921-958F-DCA08775A3BB}.Release|Any CPU.ActiveCfg = Release|Any CPU
		{858C8F27-EDF3-4921-958F-DCA08775A3BB}.Release|Any CPU.Build.0 = Release|Any CPU
		{858C8F27-EDF3-4921-958F-DCA08775A3BB}.Release|Any CPU.Deploy.0 = Release|Any CPU
	EndGlobalSection
	GlobalSection(SolutionProperties) = preSolution
		HideSolutionNode = FALSE
	EndGlobalSection
	GlobalSection(ExtensibilityGlobals) = postSolution
		SolutionGuid = {5E061B09-94F5-4C2F-A253-A3DB56338426}
	EndGlobalSection
EndGlobal
