
Microsoft Visual Studio Solution File, Format Version 12.00
# Visual Studio Version 17
VisualStudioVersion = 17.6.33723.286
MinimumVisualStudioVersion = 10.0.40219.1
Project("{00D1A9C2-B5F0-4AF3-8072-F6C62B433612}") = "VSDBProj", "VSDBProj.sqlproj", "{AB9DE58D-CFEF-4036-9FA4-FD1D44499C1C}"
EndProject
Global
	GlobalSection(SolutionConfigurationPlatforms) = preSolution
		Debug|Any CPU = Debug|Any CPU
		Release|Any CPU = Release|Any CPU
	EndGlobalSection
	GlobalSection(ProjectConfigurationPlatforms) = postSolution
		{AB9DE58D-CFEF-4036-9FA4-FD1D44499C1C}.Debug|Any CPU.ActiveCfg = Debug|Any CPU
		{AB9DE58D-CFEF-4036-9FA4-FD1D44499C1C}.Debug|Any CPU.Build.0 = Debug|Any CPU
		{AB9DE58D-CFEF-4036-9FA4-FD1D44499C1C}.Debug|Any CPU.Deploy.0 = Debug|Any CPU
		{AB9DE58D-CFEF-4036-9FA4-FD1D44499C1C}.Release|Any CPU.ActiveCfg = Release|Any CPU
		{AB9DE58D-CFEF-4036-9FA4-FD1D44499C1C}.Release|Any CPU.Build.0 = Release|Any CPU
		{AB9DE58D-CFEF-4036-9FA4-FD1D44499C1C}.Release|Any CPU.Deploy.0 = Release|Any CPU
	EndGlobalSection
	GlobalSection(SolutionProperties) = preSolution
		HideSolutionNode = FALSE
	EndGlobalSection
	GlobalSection(ExtensibilityGlobals) = postSolution
		SolutionGuid = {A7EE3DFD-F258-4B0E-9468-63F46768787E}
	EndGlobalSection
EndGlobal
